
Microsoft Visual Studio Solution File, Format Version 12.00
# Visual Studio Version 17
VisualStudioVersion = 17.6.33815.320
MinimumVisualStudioVersion = 10.0.40219.1
Project("{FAE04EC0-301F-11D3-BF4B-00C04F79EFBC}") = "FacturacionApp", "FacturacionApp\FacturacionApp.csproj", "{2157027F-CAD0-461E-BBDF-30E3081E9BEB}"
EndProject
Global
	GlobalSection(SolutionConfigurationPlatforms) = preSolution
		Debug|Any CPU = Debug|Any CPU
		Release|Any CPU = Release|Any CPU
	EndGlobalSection
	GlobalSection(ProjectConfigurationPlatforms) = postSolution
		{2157027F-CAD0-461E-BBDF-30E3081E9BEB}.Debug|Any CPU.ActiveCfg = Debug|Any CPU
		{2157027F-CAD0-461E-BBDF-30E3081E9BEB}.Debug|Any CPU.Build.0 = Debug|Any CPU
		{2157027F-CAD0-461E-BBDF-30E3081E9BEB}.Release|Any CPU.ActiveCfg = Release|Any CPU
		{2157027F-CAD0-461E-BBDF-30E3081E9BEB}.Release|Any CPU.Build.0 = Release|Any CPU
	EndGlobalSection
	GlobalSection(SolutionProperties) = preSolution
		HideSolutionNode = FALSE
	EndGlobalSection
	GlobalSection(ExtensibilityGlobals) = postSolution
		SolutionGuid = {0D31772C-7DA9-4799-95AB-2125B5ADC2F6}
	EndGlobalSection
EndGlobal
